{
  "name": "better-hashtag-generator",
  "version": "1.0.0",
  "lockfileVersion": 3,
  "requires": true,
  "packages": {
    "": {
      "name": "better-hashtag-generator",
      "version": "1.0.0",
      "license": "MIT",
      "dependencies": {
        "node-fetch": "^2.6.7"
      }
    },
    "node_modules/node-fetch": {
      "version": "2.7.0",
      "resolved": "https://registry.npmjs.org/node-fetch/-/node-fetch-2.7.0.tgz",
      "integrity": "sha512-c4RFtUm/dbcWZ7U+1WqoAwCyFL+3nt2bEW05wrfX5z+DWpWisgtmgSYmy2dQddWvKC1694ELPgMs/YzUSNozLt8A==",
      "engines": {
        "node": "4.x || >=6.0.0"
      },
      "peerDependencies": {
        "encoding": "^0.1.0"
      },
      "peerDependenciesMeta": {
        "encoding": {
          "optional": true
        }
      }
    },
    "node_modules/tr46": {
      "version": "0.0.3",
      "resolved": "https://registry.npmjs.org/tr46/-/tr46-0.0.3.tgz",
      "integrity": "sha512-N3MWsuqV66lT3OCrXNbE/jx4GEwLow3v6rf4mCcv6prnfwHS0I1rkyFdjPNBYd9br7LpxV1+Emh01fhnq2dGwrw=="
    },
    "node_modules/webidl-conversions": {
      "version": "3.0.1",
      "resolved": "https://registry.npmjs.org/webidl-conversions/-/webidl-conversions-3.0.1.tgz",
      "integrity": "sha512-2JAn32A8R6rjK8Sm8orRCOh/bcI/DqL7tRPGdZ41tCJdf+EaMLmYxBHyXuKL849euecFPhvBoxMsflob8kxaeQ=="
    },
    "node_modules/whatwg-url": {
      "version": "5.0.0",
      "resolved": "https://registry.npmjs.org/whatwg-url/-/whatwg-url-5.0.0.tgz",
      "integrity": "sha512-saE57nupkx6v3HY35+jzBwVaOrK5y0XR8J5XzPWgL7rySOIBZhGviAI/TUGJLmSVqs8pb9AnvICXEu0HLprTVmw==",
      "dependencies": {
        "tr46": "~0.0.3",
        "webidl-conversions": "^3.0.0"
      }
    }
  }
}
